
Microsoft Visual Studio Solution File, Format Version 12.00
# Visual Studio Version 16
VisualStudioVersion = 16.0.33130.400
MinimumVisualStudioVersion = 10.0.40219.1
Project("{FAE04EC0-301F-11D3-BF4B-00C04F79EFBC}") = "ControlCheck", "ControlCheck\ControlCheck.csproj", "{AE881184-B642-4E64-9172-99992A5C6620}"
EndProject
Global
	GlobalSection(SolutionConfigurationPlatforms) = preSolution
		Debug|Any CPU = Debug|Any CPU
		Release|Any CPU = Release|Any CPU
	EndGlobalSection
	GlobalSection(ProjectConfigurationPlatforms) = postSolution
		{AE881184-B642-4E64-9172-99992A5C6620}.Debug|Any CPU.ActiveCfg = Debug|Any CPU
		{AE881184-B642-4E64-9172-99992A5C6620}.Debug|Any CPU.Build.0 = Debug|Any CPU
		{AE881184-B642-4E64-9172-99992A5C6620}.Release|Any CPU.ActiveCfg = Release|Any CPU
		{AE881184-B642-4E64-9172-99992A5C6620}.Release|Any CPU.Build.0 = Release|Any CPU
	EndGlobalSection
	GlobalSection(SolutionProperties) = preSolution
		HideSolutionNode = FALSE
	EndGlobalSection
	GlobalSection(ExtensibilityGlobals) = postSolution
		SolutionGuid = {CD45D200-6702-4966-90D9-3799E7816575}
	EndGlobalSection
EndGlobal
